
Microsoft Visual Studio Solution File, Format Version 12.00
# Visual Studio Version 16
VisualStudioVersion = 16.0.29306.81
MinimumVisualStudioVersion = 10.0.40219.1
Project("{FAE04EC0-301F-11D3-BF4B-00C04F79EFBC}") = "LISTA_AED_2", "LISTA_AED_2.csproj", "{6AA109F7-B38F-4944-82E3-B1C4AC05B318}"
EndProject
Global
	GlobalSection(SolutionConfigurationPlatforms) = preSolution
		Debug|Any CPU = Debug|Any CPU
		Release|Any CPU = Release|Any CPU
	EndGlobalSection
	GlobalSection(ProjectConfigurationPlatforms) = postSolution
		{6AA109F7-B38F-4944-82E3-B1C4AC05B318}.Debug|Any CPU.ActiveCfg = Debug|Any CPU
		{6AA109F7-B38F-4944-82E3-B1C4AC05B318}.Debug|Any CPU.Build.0 = Debug|Any CPU
		{6AA109F7-B38F-4944-82E3-B1C4AC05B318}.Release|Any CPU.ActiveCfg = Release|Any CPU
		{6AA109F7-B38F-4944-82E3-B1C4AC05B318}.Release|Any CPU.Build.0 = Release|Any CPU
	EndGlobalSection
	GlobalSection(SolutionProperties) = preSolution
		HideSolutionNode = FALSE
	EndGlobalSection
	GlobalSection(ExtensibilityGlobals) = postSolution
		SolutionGuid = {A74ED79E-69A1-40E6-AA6F-2217911C6481}
	EndGlobalSection
EndGlobal
